
Microsoft Visual Studio Solution File, Format Version 12.00
# Visual Studio 15
VisualStudioVersion = 15.0.28307.329
MinimumVisualStudioVersion = 10.0.40219.1
Project("{FAE04EC0-301F-11D3-BF4B-00C04F79EFBC}") = "main", "main\main.csproj", "{E6B535F4-0326-4689-B1E1-C2B06B6806E8}"
EndProject
Project("{FAE04EC0-301F-11D3-BF4B-00C04F79EFBC}") = "Loop", "Loop\Loop.csproj", "{D71F9877-3D34-4399-982B-8DE1A4800C0B}"
EndProject
Global
	GlobalSection(SolutionConfigurationPlatforms) = preSolution
		Debug|Any CPU = Debug|Any CPU
		Release|Any CPU = Release|Any CPU
	EndGlobalSection
	GlobalSection(ProjectConfigurationPlatforms) = postSolution
		{E6B535F4-0326-4689-B1E1-C2B06B6806E8}.Debug|Any CPU.ActiveCfg = Debug|Any CPU
		{E6B535F4-0326-4689-B1E1-C2B06B6806E8}.Debug|Any CPU.Build.0 = Debug|Any CPU
		{E6B535F4-0326-4689-B1E1-C2B06B6806E8}.Release|Any CPU.ActiveCfg = Release|Any CPU
		{E6B535F4-0326-4689-B1E1-C2B06B6806E8}.Release|Any CPU.Build.0 = Release|Any CPU
		{D71F9877-3D34-4399-982B-8DE1A4800C0B}.Debug|Any CPU.ActiveCfg = Debug|Any CPU
		{D71F9877-3D34-4399-982B-8DE1A4800C0B}.Debug|Any CPU.Build.0 = Debug|Any CPU
		{D71F9877-3D34-4399-982B-8DE1A4800C0B}.Release|Any CPU.ActiveCfg = Release|Any CPU
		{D71F9877-3D34-4399-982B-8DE1A4800C0B}.Release|Any CPU.Build.0 = Release|Any CPU
	EndGlobalSection
	GlobalSection(SolutionProperties) = preSolution
		HideSolutionNode = FALSE
	EndGlobalSection
	GlobalSection(ExtensibilityGlobals) = postSolution
		SolutionGuid = {C6EE5A13-8E40-48A3-8C47-FCDE9D5E17F5}
	EndGlobalSection
EndGlobal
